{
  "lockfileVersion": 1,
  "workspaces": {
    "": {
      "dependencies": {
        "cron": "^4.3.0",
      },
      "devDependencies": {
        "@types/cron": "^2.4.3",
      },
    },
  },
  "packages": {
    "@types/cron": ["@types/cron@2.4.3", "", { "dependencies": { "cron": "*" } }, "sha512-ViRBkoZD9Rk0hGeMdd2GHGaOaZuH9mDmwsE5/Zo53Ftwcvh7h9VJc8lIt2wdgEwS4EW5lbtTX6vlE0idCLPOyA=="],

    "@types/luxon": ["@types/luxon@3.6.2", "", {}, "sha512-R/BdP7OxEMc44l2Ex5lSXHoIXTB2JLNa3y2QISIbr58U/YcsffyQrYW//hZSdrfxrjRZj3GcUoxMPGdO8gSYuw=="],

    "cron": ["cron@4.3.0", "", { "dependencies": { "@types/luxon": "~3.6.0", "luxon": "~3.6.0" } }, "sha512-ciiYNLfSlF9MrDqnbMdRWFiA6oizSF7kA1osPP9lRzNu0Uu+AWog1UKy7SkckiDY2irrNjeO6qLyKnXC8oxmrw=="],

    "luxon": ["luxon@3.6.1", "", {}, "sha512-tJLxrKJhO2ukZ5z0gyjY1zPh3Rh88Ej9P7jNrZiHMUXHae1yvI2imgOZtL1TO8TW6biMMKfTtAOoEJANgtWBMQ=="],
  }
}
