{
  "lockfileVersion": 1,
  "workspaces": {
    "": {
      "name": "sentio-db-duplicate",
      "dependencies": {
        "@mysten/sui": "^1.29.1",
        "@supabase/supabase-js": "^2.49.4",
        "@types/js-yaml": "^4.0.9",
        "axios": "^1.8.4",
        "js-yaml": "^4.1.0",
        "mysql2": "^3.14.0",
        "p-limit": "^6.2.0",
      },
      "devDependencies": {
        "@types/bun": "latest",
        "dotenv": "^16.5.0",
        "tslog": "^4.9.3",
      },
      "peerDependencies": {
        "typescript": "^5.0.0",
      },
    },
  },
  "packages": {
    "@0no-co/graphql.web": ["@0no-co/graphql.web@1.1.2", "", { "peerDependencies": { "graphql": "^14.0.0 || ^15.0.0 || ^16.0.0" }, "optionalPeers": ["graphql"] }, "sha512-N2NGsU5FLBhT8NZ+3l2YrzZSHITjNXNuDhC4iDiikv0IujaJ0Xc6xIxQZ/Ek3Cb+rgPjnLHYyJm11tInuJn+cw=="],

    "@0no-co/graphqlsp": ["@0no-co/graphqlsp@1.12.16", "", { "dependencies": { "@gql.tada/internal": "^1.0.0", "graphql": "^15.5.0 || ^16.0.0 || ^17.0.0" }, "peerDependencies": { "typescript": "^5.0.0" } }, "sha512-B5pyYVH93Etv7xjT6IfB7QtMBdaaC07yjbhN6v8H7KgFStMkPvi+oWYBTibMFRMY89qwc9H8YixXg8SXDVgYWw=="],

    "@gql.tada/cli-utils": ["@gql.tada/cli-utils@1.6.3", "", { "dependencies": { "@0no-co/graphqlsp": "^1.12.13", "@gql.tada/internal": "1.0.8", "graphql": "^15.5.0 || ^16.0.0 || ^17.0.0" }, "peerDependencies": { "@gql.tada/svelte-support": "1.0.1", "@gql.tada/vue-support": "1.0.1", "typescript": "^5.0.0" }, "optionalPeers": ["@gql.tada/svelte-support", "@gql.tada/vue-support"] }, "sha512-jFFSY8OxYeBxdKi58UzeMXG1tdm4FVjXa8WHIi66Gzu9JWtCE6mqom3a8xkmSw+mVaybFW5EN2WXf1WztJVNyQ=="],

    "@gql.tada/internal": ["@gql.tada/internal@1.0.8", "", { "dependencies": { "@0no-co/graphql.web": "^1.0.5" }, "peerDependencies": { "graphql": "^15.5.0 || ^16.0.0 || ^17.0.0", "typescript": "^5.0.0" } }, "sha512-XYdxJhtHC5WtZfdDqtKjcQ4d7R1s0d1rnlSs3OcBEUbYiPoJJfZU7tWsVXuv047Z6msvmr4ompJ7eLSK5Km57g=="],

    "@graphql-typed-document-node/core": ["@graphql-typed-document-node/core@3.2.0", "", { "peerDependencies": { "graphql": "^0.8.0 || ^0.9.0 || ^0.10.0 || ^0.11.0 || ^0.12.0 || ^0.13.0 || ^14.0.0 || ^15.0.0 || ^16.0.0 || ^17.0.0" } }, "sha512-mB9oAsNCm9aM3/SOv4YtBMqZbYj10R7dkq8byBqxGY/ncFwhf2oQzMV+LCRlWoDSEBJ3COiR1yeDvMtsoOsuFQ=="],

    "@mysten/bcs": ["@mysten/bcs@1.6.1", "", { "dependencies": { "@mysten/utils": "0.0.0", "@scure/base": "^1.2.4" } }, "sha512-pywsl2+jxbib5CbteAjMpmJpnj1pcUco2ff+lXCK3hfppPbkyWEMbZDQn1jNngV6ADQ3IFIvPs0FaS7fKWPOLA=="],

    "@mysten/sui": ["@mysten/sui@1.29.1", "", { "dependencies": { "@graphql-typed-document-node/core": "^3.2.0", "@mysten/bcs": "1.6.1", "@mysten/utils": "0.0.0", "@noble/curves": "^1.8.1", "@noble/hashes": "^1.7.1", "@scure/base": "^1.2.4", "@scure/bip32": "^1.6.2", "@scure/bip39": "^1.5.4", "gql.tada": "^1.8.2", "graphql": "^16.9.0", "poseidon-lite": "^0.2.0", "valibot": "^0.36.0" } }, "sha512-VkmaLIgXpuRMBFe47SC0swHemDx9qfhGQyxybFr2r3dTnh42gTFi0BlyW3aLr0Y2GxWbNlLphB5C3ELR7aqacw=="],

    "@mysten/utils": ["@mysten/utils@0.0.0", "", { "dependencies": { "@scure/base": "^1.2.4" } }, "sha512-KRI57Qow3E7TGqczimazwGf7+fwukdOi+6a31igSCzz0kPjAXbyK1a1gXaxeLMF8xEZ07ouW3RnsWt+EaUuHUw=="],

    "@noble/curves": ["@noble/curves@1.9.0", "", { "dependencies": { "@noble/hashes": "1.8.0" } }, "sha512-7YDlXiNMdO1YZeH6t/kvopHHbIZzlxrCV9WLqCY6QhcXOoXiNCMDqJIglZ9Yjx5+w7Dz30TITFrlTjnRg7sKEg=="],

    "@noble/hashes": ["@noble/hashes@1.8.0", "", {}, "sha512-jCs9ldd7NwzpgXDIf6P3+NrHh9/sD6CQdxHyjQI+h/6rDNo88ypBxxz45UDuZHz9r3tNz7N/VInSVoVdtXEI4A=="],

    "@scure/base": ["@scure/base@1.2.5", "", {}, "sha512-9rE6EOVeIQzt5TSu4v+K523F8u6DhBsoZWPGKlnCshhlDhy0kJzUX4V+tr2dWmzF1GdekvThABoEQBGBQI7xZw=="],

    "@scure/bip32": ["@scure/bip32@1.7.0", "", { "dependencies": { "@noble/curves": "~1.9.0", "@noble/hashes": "~1.8.0", "@scure/base": "~1.2.5" } }, "sha512-E4FFX/N3f4B80AKWp5dP6ow+flD1LQZo/w8UnLGYZO674jS6YnYeepycOOksv+vLPSpgN35wgKgy+ybfTb2SMw=="],

    "@scure/bip39": ["@scure/bip39@1.6.0", "", { "dependencies": { "@noble/hashes": "~1.8.0", "@scure/base": "~1.2.5" } }, "sha512-+lF0BbLiJNwVlev4eKelw1WWLaiKXw7sSl8T6FvBlWkdX+94aGJ4o8XjUdlyhTCjd8c+B3KT3JfS8P0bLRNU6A=="],

    "@supabase/auth-js": ["@supabase/auth-js@2.69.1", "", { "dependencies": { "@supabase/node-fetch": "^2.6.14" } }, "sha512-FILtt5WjCNzmReeRLq5wRs3iShwmnWgBvxHfqapC/VoljJl+W8hDAyFmf1NVw3zH+ZjZ05AKxiKxVeb0HNWRMQ=="],

    "@supabase/functions-js": ["@supabase/functions-js@2.4.4", "", { "dependencies": { "@supabase/node-fetch": "^2.6.14" } }, "sha512-WL2p6r4AXNGwop7iwvul2BvOtuJ1YQy8EbOd0dhG1oN1q8el/BIRSFCFnWAMM/vJJlHWLi4ad22sKbKr9mvjoA=="],

    "@supabase/node-fetch": ["@supabase/node-fetch@2.6.15", "", { "dependencies": { "whatwg-url": "^5.0.0" } }, "sha512-1ibVeYUacxWYi9i0cf5efil6adJ9WRyZBLivgjs+AUpewx1F3xPi7gLgaASI2SmIQxPoCEjAsLAzKPgMJVgOUQ=="],

    "@supabase/postgrest-js": ["@supabase/postgrest-js@1.19.4", "", { "dependencies": { "@supabase/node-fetch": "^2.6.14" } }, "sha512-O4soKqKtZIW3olqmbXXbKugUtByD2jPa8kL2m2c1oozAO11uCcGrRhkZL0kVxjBLrXHE0mdSkFsMj7jDSfyNpw=="],

    "@supabase/realtime-js": ["@supabase/realtime-js@2.11.2", "", { "dependencies": { "@supabase/node-fetch": "^2.6.14", "@types/phoenix": "^1.5.4", "@types/ws": "^8.5.10", "ws": "^8.18.0" } }, "sha512-u/XeuL2Y0QEhXSoIPZZwR6wMXgB+RQbJzG9VErA3VghVt7uRfSVsjeqd7m5GhX3JR6dM/WRmLbVR8URpDWG4+w=="],

    "@supabase/storage-js": ["@supabase/storage-js@2.7.1", "", { "dependencies": { "@supabase/node-fetch": "^2.6.14" } }, "sha512-asYHcyDR1fKqrMpytAS1zjyEfvxuOIp1CIXX7ji4lHHcJKqyk+sLl/Vxgm4sN6u8zvuUtae9e4kDxQP2qrwWBA=="],

    "@supabase/supabase-js": ["@supabase/supabase-js@2.49.4", "", { "dependencies": { "@supabase/auth-js": "2.69.1", "@supabase/functions-js": "2.4.4", "@supabase/node-fetch": "2.6.15", "@supabase/postgrest-js": "1.19.4", "@supabase/realtime-js": "2.11.2", "@supabase/storage-js": "2.7.1" } }, "sha512-jUF0uRUmS8BKt37t01qaZ88H9yV1mbGYnqLeuFWLcdV+x1P4fl0yP9DGtaEhFPZcwSom7u16GkLEH9QJZOqOkw=="],

    "@types/bun": ["@types/bun@1.2.10", "", { "dependencies": { "bun-types": "1.2.10" } }, "sha512-eilv6WFM3M0c9ztJt7/g80BDusK98z/FrFwseZgT4bXCq2vPhXD4z8R3oddmAn+R/Nmz9vBn4kweJKmGTZj+lg=="],

    "@types/js-yaml": ["@types/js-yaml@4.0.9", "", {}, "sha512-k4MGaQl5TGo/iipqb2UDG2UwjXziSWkh0uysQelTlJpX1qGlpUZYm8PnO4DxG1qBomtJUdYJ6qR6xdIah10JLg=="],

    "@types/node": ["@types/node@22.14.1", "", { "dependencies": { "undici-types": "~6.21.0" } }, "sha512-u0HuPQwe/dHrItgHHpmw3N2fYCR6x4ivMNbPHRkBVP4CvN+kiRrKHWk3i8tXiO/joPwXLMYvF9TTF0eqgHIuOw=="],

    "@types/phoenix": ["@types/phoenix@1.6.6", "", {}, "sha512-PIzZZlEppgrpoT2QgbnDU+MMzuR6BbCjllj0bM70lWoejMeNJAxCchxnv7J3XFkI8MpygtRpzXrIlmWUBclP5A=="],

    "@types/ws": ["@types/ws@8.18.1", "", { "dependencies": { "@types/node": "*" } }, "sha512-ThVF6DCVhA8kUGy+aazFQ4kXQ7E1Ty7A3ypFOe0IcJV8O/M511G99AW24irKrW56Wt44yG9+ij8FaqoBGkuBXg=="],

    "argparse": ["argparse@2.0.1", "", {}, "sha512-8+9WqebbFzpX9OR+Wa6O29asIogeRMzcGtAINdpMHHyAg10f05aSFVBbcEqGf/PXw1EjAZ+q2/bEBg3DvurK3Q=="],

    "asynckit": ["asynckit@0.4.0", "", {}, "sha512-Oei9OH4tRh0YqU3GxhX79dM/mwVgvbZJaSNaRk+bshkj0S5cfHcgYakreBjrHwatXKbz+IoIdYLxrKim2MjW0Q=="],

    "aws-ssl-profiles": ["aws-ssl-profiles@1.1.2", "", {}, "sha512-NZKeq9AfyQvEeNlN0zSYAaWrmBffJh3IELMZfRpJVWgrpEbtEpnjvzqBPf+mxoI287JohRDoa+/nsfqqiZmF6g=="],

    "axios": ["axios@1.8.4", "", { "dependencies": { "follow-redirects": "^1.15.6", "form-data": "^4.0.0", "proxy-from-env": "^1.1.0" } }, "sha512-eBSYY4Y68NNlHbHBMdeDmKNtDgXWhQsJcGqzO3iLUM0GraQFSS9cVgPX5I9b3lbdFKyYoAEGAZF1DwhTaljNAw=="],

    "bun-types": ["bun-types@1.2.10", "", { "dependencies": { "@types/node": "*" } }, "sha512-b5ITZMnVdf3m1gMvJHG+gIfeJHiQPJak0f7925Hxu6ZN5VKA8AGy4GZ4lM+Xkn6jtWxg5S3ldWvfmXdvnkp3GQ=="],

    "call-bind-apply-helpers": ["call-bind-apply-helpers@1.0.2", "", { "dependencies": { "es-errors": "^1.3.0", "function-bind": "^1.1.2" } }, "sha512-Sp1ablJ0ivDkSzjcaJdxEunN5/XvksFJ2sMBFfq6x0ryhQV/2b/KwFe21cMpmHtPOSij8K99/wSfoEuTObmuMQ=="],

    "combined-stream": ["combined-stream@1.0.8", "", { "dependencies": { "delayed-stream": "~1.0.0" } }, "sha512-FQN4MRfuJeHf7cBbBMJFXhKSDq+2kAArBlmRBvcvFE5BB1HZKXtSFASDhdlz9zOYwxh8lDdnvmMOe/+5cdoEdg=="],

    "delayed-stream": ["delayed-stream@1.0.0", "", {}, "sha512-ZySD7Nf91aLB0RxL4KGrKHBXl7Eds1DAmEdcoVawXnLD7SDhpNgtuII2aAkg7a7QS41jxPSZ17p4VdGnMHk3MQ=="],

    "denque": ["denque@2.1.0", "", {}, "sha512-HVQE3AAb/pxF8fQAoiqpvg9i3evqug3hoiwakOyZAwJm+6vZehbkYXZ0l4JxS+I3QxM97v5aaRNhj8v5oBhekw=="],

    "dotenv": ["dotenv@16.5.0", "", {}, "sha512-m/C+AwOAr9/W1UOIZUo232ejMNnJAJtYQjUbHoNTBNTJSvqzzDh7vnrei3o3r3m9blf6ZoDkvcw0VmozNRFJxg=="],

    "dunder-proto": ["dunder-proto@1.0.1", "", { "dependencies": { "call-bind-apply-helpers": "^1.0.1", "es-errors": "^1.3.0", "gopd": "^1.2.0" } }, "sha512-KIN/nDJBQRcXw0MLVhZE9iQHmG68qAVIBg9CqmUYjmQIhgij9U5MFvrqkUL5FbtyyzZuOeOt0zdeRe4UY7ct+A=="],

    "es-define-property": ["es-define-property@1.0.1", "", {}, "sha512-e3nRfgfUZ4rNGL232gUgX06QNyyez04KdjFrF+LTRoOXmrOgFKDg4BCdsjW8EnT69eqdYGmRpJwiPVYNrCaW3g=="],

    "es-errors": ["es-errors@1.3.0", "", {}, "sha512-Zf5H2Kxt2xjTvbJvP2ZWLEICxA6j+hAmMzIlypy4xcBg1vKVnx89Wy0GbS+kf5cwCVFFzdCFh2XSCFNULS6csw=="],

    "es-object-atoms": ["es-object-atoms@1.1.1", "", { "dependencies": { "es-errors": "^1.3.0" } }, "sha512-FGgH2h8zKNim9ljj7dankFPcICIK9Cp5bm+c2gQSYePhpaG5+esrLODihIorn+Pe6FGJzWhXQotPv73jTaldXA=="],

    "es-set-tostringtag": ["es-set-tostringtag@2.1.0", "", { "dependencies": { "es-errors": "^1.3.0", "get-intrinsic": "^1.2.6", "has-tostringtag": "^1.0.2", "hasown": "^2.0.2" } }, "sha512-j6vWzfrGVfyXxge+O0x5sh6cvxAog0a/4Rdd2K36zCMV5eJ+/+tOAngRO8cODMNWbVRdVlmGZQL2YS3yR8bIUA=="],

    "follow-redirects": ["follow-redirects@1.15.9", "", {}, "sha512-gew4GsXizNgdoRyqmyfMHyAmXsZDk6mHkSxZFCzW9gwlbtOW44CDtYavM+y+72qD/Vq2l550kMF52DT8fOLJqQ=="],

    "form-data": ["form-data@4.0.2", "", { "dependencies": { "asynckit": "^0.4.0", "combined-stream": "^1.0.8", "es-set-tostringtag": "^2.1.0", "mime-types": "^2.1.12" } }, "sha512-hGfm/slu0ZabnNt4oaRZ6uREyfCj6P4fT/n6A1rGV+Z0VdGXjfOhVUpkn6qVQONHGIFwmveGXyDs75+nr6FM8w=="],

    "function-bind": ["function-bind@1.1.2", "", {}, "sha512-7XHNxH7qX9xG5mIwxkhumTox/MIRNcOgDrxWsMt2pAr23WHp6MrRlN7FBSFpCpr+oVO0F744iUgR82nJMfG2SA=="],

    "generate-function": ["generate-function@2.3.1", "", { "dependencies": { "is-property": "^1.0.2" } }, "sha512-eeB5GfMNeevm/GRYq20ShmsaGcmI81kIX2K9XQx5miC8KdHaC6Jm0qQ8ZNeGOi7wYB8OsdxKs+Y2oVuTFuVwKQ=="],

    "get-intrinsic": ["get-intrinsic@1.3.0", "", { "dependencies": { "call-bind-apply-helpers": "^1.0.2", "es-define-property": "^1.0.1", "es-errors": "^1.3.0", "es-object-atoms": "^1.1.1", "function-bind": "^1.1.2", "get-proto": "^1.0.1", "gopd": "^1.2.0", "has-symbols": "^1.1.0", "hasown": "^2.0.2", "math-intrinsics": "^1.1.0" } }, "sha512-9fSjSaos/fRIVIp+xSJlE6lfwhES7LNtKaCBIamHsjr2na1BiABJPo0mOjjz8GJDURarmCPGqaiVg5mfjb98CQ=="],

    "get-proto": ["get-proto@1.0.1", "", { "dependencies": { "dunder-proto": "^1.0.1", "es-object-atoms": "^1.0.0" } }, "sha512-sTSfBjoXBp89JvIKIefqw7U2CCebsc74kiY6awiGogKtoSGbgjYE/G/+l9sF3MWFPNc9IcoOC4ODfKHfxFmp0g=="],

    "gopd": ["gopd@1.2.0", "", {}, "sha512-ZUKRh6/kUFoAiTAtTYPZJ3hw9wNxx+BIBOijnlG9PnrJsCcSjs1wyyD6vJpaYtgnzDrKYRSqf3OO6Rfa93xsRg=="],

    "gql.tada": ["gql.tada@1.8.10", "", { "dependencies": { "@0no-co/graphql.web": "^1.0.5", "@0no-co/graphqlsp": "^1.12.13", "@gql.tada/cli-utils": "1.6.3", "@gql.tada/internal": "1.0.8" }, "peerDependencies": { "typescript": "^5.0.0" }, "bin": { "gql.tada": "bin/cli.js", "gql-tada": "bin/cli.js" } }, "sha512-FrvSxgz838FYVPgZHGOSgbpOjhR+yq44rCzww3oOPJYi0OvBJjAgCiP6LEokZIYND2fUTXzQAyLgcvgw1yNP5A=="],

    "graphql": ["graphql@16.11.0", "", {}, "sha512-mS1lbMsxgQj6hge1XZ6p7GPhbrtFwUFYi3wRzXAC/FmYnyXMTvvI3td3rjmQ2u8ewXueaSvRPWaEcgVVOT9Jnw=="],

    "has-symbols": ["has-symbols@1.1.0", "", {}, "sha512-1cDNdwJ2Jaohmb3sg4OmKaMBwuC48sYni5HUw2DvsC8LjGTLK9h+eb1X6RyuOHe4hT0ULCW68iomhjUoKUqlPQ=="],

    "has-tostringtag": ["has-tostringtag@1.0.2", "", { "dependencies": { "has-symbols": "^1.0.3" } }, "sha512-NqADB8VjPFLM2V0VvHUewwwsw0ZWBaIdgo+ieHtK3hasLz4qeCRjYcqfB6AQrBggRKppKF8L52/VqdVsO47Dlw=="],

    "hasown": ["hasown@2.0.2", "", { "dependencies": { "function-bind": "^1.1.2" } }, "sha512-0hJU9SCPvmMzIBdZFqNPXWa6dqh7WdH0cII9y+CyS8rG3nL48Bclra9HmKhVVUHyPWNH5Y7xDwAB7bfgSjkUMQ=="],

    "iconv-lite": ["iconv-lite@0.6.3", "", { "dependencies": { "safer-buffer": ">= 2.1.2 < 3.0.0" } }, "sha512-4fCk79wshMdzMp2rH06qWrJE4iolqLhCUH+OiuIgU++RB0+94NlDL81atO7GX55uUKueo0txHNtvEyI6D7WdMw=="],

    "is-property": ["is-property@1.0.2", "", {}, "sha512-Ks/IoX00TtClbGQr4TWXemAnktAQvYB7HzcCxDGqEZU6oCmb2INHuOoKxbtR+HFkmYWBKv/dOZtGRiAjDhj92g=="],

    "js-yaml": ["js-yaml@4.1.0", "", { "dependencies": { "argparse": "^2.0.1" }, "bin": { "js-yaml": "bin/js-yaml.js" } }, "sha512-wpxZs9NoxZaJESJGIZTyDEaYpl0FKSA+FB9aJiyemKhMwkxQg63h4T1KJgUGHpTqPDNRcmmYLugrRjJlBtWvRA=="],

    "long": ["long@5.3.2", "", {}, "sha512-mNAgZ1GmyNhD7AuqnTG3/VQ26o760+ZYBPKjPvugO8+nLbYfX6TVpJPseBvopbdY+qpZ/lKUnmEc1LeZYS3QAA=="],

    "lru-cache": ["lru-cache@7.18.3", "", {}, "sha512-jumlc0BIUrS3qJGgIkWZsyfAM7NCWiBcCDhnd+3NNM5KbBmLTgHVfWBcg6W+rLUsIpzpERPsvwUP7CckAQSOoA=="],

    "lru.min": ["lru.min@1.1.2", "", {}, "sha512-Nv9KddBcQSlQopmBHXSsZVY5xsdlZkdH/Iey0BlcBYggMd4two7cZnKOK9vmy3nY0O5RGH99z1PCeTpPqszUYg=="],

    "math-intrinsics": ["math-intrinsics@1.1.0", "", {}, "sha512-/IXtbwEk5HTPyEwyKX6hGkYXxM9nbj64B+ilVJnC/R6B0pH5G4V3b0pVbL7DBj4tkhBAppbQUlf6F6Xl9LHu1g=="],

    "mime-db": ["mime-db@1.52.0", "", {}, "sha512-sPU4uV7dYlvtWJxwwxHD0PuihVNiE7TyAbQ5SWxDCB9mUYvOgroQOwYQQOKPJ8CIbE+1ETVlOoK1UC2nU3gYvg=="],

    "mime-types": ["mime-types@2.1.35", "", { "dependencies": { "mime-db": "1.52.0" } }, "sha512-ZDY+bPm5zTTF+YpCrAU9nK0UgICYPT0QtT1NZWFv4s++TNkcgVaT0g6+4R2uI4MjQjzysHB1zxuWL50hzaeXiw=="],

    "mysql2": ["mysql2@3.14.0", "", { "dependencies": { "aws-ssl-profiles": "^1.1.1", "denque": "^2.1.0", "generate-function": "^2.3.1", "iconv-lite": "^0.6.3", "long": "^5.2.1", "lru.min": "^1.0.0", "named-placeholders": "^1.1.3", "seq-queue": "^0.0.5", "sqlstring": "^2.3.2" } }, "sha512-8eMhmG6gt/hRkU1G+8KlGOdQi2w+CgtNoD1ksXZq9gQfkfDsX4LHaBwTe1SY0Imx//t2iZA03DFnyYKPinxSRw=="],

    "named-placeholders": ["named-placeholders@1.1.3", "", { "dependencies": { "lru-cache": "^7.14.1" } }, "sha512-eLoBxg6wE/rZkJPhU/xRX1WTpkFEwDJEN96oxFrTsqBdbT5ec295Q+CoHrL9IT0DipqKhmGcaZmwOt8OON5x1w=="],

    "p-limit": ["p-limit@6.2.0", "", { "dependencies": { "yocto-queue": "^1.1.1" } }, "sha512-kuUqqHNUqoIWp/c467RI4X6mmyuojY5jGutNU0wVTmEOOfcuwLqyMVoAi9MKi2Ak+5i9+nhmrK4ufZE8069kHA=="],

    "poseidon-lite": ["poseidon-lite@0.2.1", "", {}, "sha512-xIr+G6HeYfOhCuswdqcFpSX47SPhm0EpisWJ6h7fHlWwaVIvH3dLnejpatrtw6Xc6HaLrpq05y7VRfvDmDGIog=="],

    "proxy-from-env": ["proxy-from-env@1.1.0", "", {}, "sha512-D+zkORCbA9f1tdWRK0RaCR3GPv50cMxcrz4X8k5LTSUD1Dkw47mKJEZQNunItRTkWwgtaUSo1RVFRIG9ZXiFYg=="],

    "safer-buffer": ["safer-buffer@2.1.2", "", {}, "sha512-YZo3K82SD7Riyi0E1EQPojLz7kpepnSQI9IyPbHHg1XXXevb5dJI7tpyN2ADxGcQbHG7vcyRHk0cbwqcQriUtg=="],

    "seq-queue": ["seq-queue@0.0.5", "", {}, "sha512-hr3Wtp/GZIc/6DAGPDcV4/9WoZhjrkXsi5B/07QgX8tsdc6ilr7BFM6PM6rbdAX1kFSDYeZGLipIZZKyQP0O5Q=="],

    "sqlstring": ["sqlstring@2.3.3", "", {}, "sha512-qC9iz2FlN7DQl3+wjwn3802RTyjCx7sDvfQEXchwa6CWOx07/WVfh91gBmQ9fahw8snwGEWU3xGzOt4tFyHLxg=="],

    "tr46": ["tr46@0.0.3", "", {}, "sha512-N3WMsuqV66lT30CrXNbEjx4GEwlow3v6rr4mCcv6prnfwhS01rkgyFdjPNBYd9br7LpXV1+Emh01fHnq2Gdgrw=="],

    "tslog": ["tslog@4.9.3", "", {}, "sha512-oDWuGVONxhVEBtschLf2cs/Jy8i7h1T+CpdkTNWQgdAF7DhRo2G8vMCgILKe7ojdEkLhICWgI1LYSSKaJsRgcw=="],

    "typescript": ["typescript@5.8.3", "", { "bin": { "tsc": "bin/tsc", "tsserver": "bin/tsserver" } }, "sha512-p1diW6TqL9L07nNxvRMM7hMMw4c5XOo/1ibL4aAIGmSAt9slTE1Xgw5KWuof2uTOvCg9BY7ZRi+GaF+7sfgPeQ=="],

    "undici-types": ["undici-types@6.21.0", "", {}, "sha512-iwDZqg0QAGrg9Rav5H4n0M64c3mkR59cJ6wQp+7C4nI0gsmExaedaYLNO44eT4AtBBwjbTiGPMlt2Md0T9H9JQ=="],

    "valibot": ["valibot@0.36.0", "", {}, "sha512-CjF1XN4sUce8sBK9TixrDqFM7RwNkuXdJu174/AwmQUB62QbCQADg5lLe8ldBalFgtj1uKj+pKwDJiNo4Mn+eQ=="],

    "webidl-conversions": ["webidl-conversions@3.0.1", "", {}, "sha512-2JAn3z8AR6rjK8Sm8orRC0h/bcl/DqL7tRPdGZ4I1CjdF+EaMLmYxBHyXuKL849eucPFhvBoxMsflfOb8kxaeQ=="],

    "whatwg-url": ["whatwg-url@5.0.0", "", { "dependencies": { "tr46": "~0.0.3", "webidl-conversions": "^3.0.0" } }, "sha512-saE57nupxk6v3HY35+jzBwYa0rKSy0XR8JSxZPwgLr7ys0IBzhGviA1/TUGJLmSVqs8pb9AnvICXEuOHLprYTw=="],

    "ws": ["ws@8.18.1", "", { "peerDependencies": { "bufferutil": "^4.0.1", "utf-8-validate": ">=5.0.2" }, "optionalPeers": ["bufferutil", "utf-8-validate"] }, "sha512-RKW2aJZMXeMxVpnZ6bck+RswznaxmzdULiBr6KY7XkTnW8uvt0iT9H5DkHUChXrc+uurzwa0rVI16n/Xzjdz1w=="],

    "yocto-queue": ["yocto-queue@1.2.1", "", {}, "sha512-AyeEbWOu/TAXdxlV9wmGcR0+yh2j3vYPGOECcIj2S7MkrLyC7ne+oye2BKTItt0ii2PHk4cDy+95+LshzbXnGg=="],
  }
}
